Microsoft Visual Studio Solution File, Format Version 12.00
# Visual Studio Version 17
VisualStudioVersion = 17.5.2.0
MinimumVisualStudioVersion = 10.0.40219.1
Project("{2150E333-8FDC-42A3-9474-1A3956D46DE8}") = "src", "src", "{827E0CD3-B72D-47B6-A68D-7590B98EB39B}"
	ProjectSection(SolutionItems) = preProject
		FileBasedApp.cs = FileBasedApp.cs
	EndProjectSection
EndProject
Project("{FAE04EC0-301F-11D3-BF4B-00C04F79EFBC}") = "CsharpConcepts14", "src\CsharpConcepts14\CsharpConcepts14.csproj", "{31941432-1360-5FA7-801A-1E4635217FD2}"
EndProject
Project("{2150E333-8FDC-42A3-9474-1A3956D46DE8}") = "FileBasedApp", "FileBasedApp", "{BE848421-CEF2-9625-F91F-C18FE6C80A94}"
EndProject
Global
	GlobalSection(SolutionConfigurationPlatforms) = preSolution
		Debug|Any CPU = Debug|Any CPU
		Release|Any CPU = Release|Any CPU
	EndGlobalSection
	GlobalSection(ProjectConfigurationPlatforms) = postSolution
		{31941432-1360-5FA7-801A-1E4635217FD2}.Debug|Any CPU.ActiveCfg = Debug|Any CPU
		{31941432-1360-5FA7-801A-1E4635217FD2}.Debug|Any CPU.Build.0 = Debug|Any CPU
		{31941432-1360-5FA7-801A-1E4635217FD2}.Release|Any CPU.ActiveCfg = Release|Any CPU
		{31941432-1360-5FA7-801A-1E4635217FD2}.Release|Any CPU.Build.0 = Release|Any CPU
	EndGlobalSection
	GlobalSection(SolutionProperties) = preSolution
		HideSolutionNode = FALSE
	EndGlobalSection
	GlobalSection(NestedProjects) = preSolution
		{31941432-1360-5FA7-801A-1E4635217FD2} = {827E0CD3-B72D-47B6-A68D-7590B98EB39B}
		{BE848421-CEF2-9625-F91F-C18FE6C80A94} = {827E0CD3-B72D-47B6-A68D-7590B98EB39B}
	EndGlobalSection
	GlobalSection(ExtensibilityGlobals) = postSolution
		SolutionGuid = {79550C96-6104-4D2B-A8BA-BC484A79893D}
	EndGlobalSection
EndGlobal
